
Microsoft Visual Studio Solution File, Format Version 12.00
# Visual Studio 15
VisualStudioVersion = 15.0.26730.10
MinimumVisualStudioVersion = 10.0.40219.1
Project("{9A19103F-16F7-4668-BE54-9A1E7A4F7556}") = "Linq.Dynamic", "src\Linq.DynamicQuery\Linq.Dynamic.csproj", "{CBAA27A2-1DFD-464C-A2AE-40909AD132E0}"
EndProject
Project("{9A19103F-16F7-4668-BE54-9A1E7A4F7556}") = "xUnitTests", "tests\xUnitTests\xUnitTests.csproj", "{6D3C08B4-CEC1-4D09-8254-3BD6345CAB76}"
EndProject
Global
	GlobalSection(SolutionConfigurationPlatforms) = preSolution
		Debug|Any CPU = Debug|Any CPU
		Release|Any CPU = Release|Any CPU
	EndGlobalSection
	GlobalSection(ProjectConfigurationPlatforms) = postSolution
		{CBAA27A2-1DFD-464C-A2AE-40909AD132E0}.Debug|Any CPU.ActiveCfg = Debug|Any CPU
		{CBAA27A2-1DFD-464C-A2AE-40909AD132E0}.Debug|Any CPU.Build.0 = Debug|Any CPU
		{CBAA27A2-1DFD-464C-A2AE-40909AD132E0}.Release|Any CPU.ActiveCfg = Release|Any CPU
		{CBAA27A2-1DFD-464C-A2AE-40909AD132E0}.Release|Any CPU.Build.0 = Release|Any CPU
		{6D3C08B4-CEC1-4D09-8254-3BD6345CAB76}.Debug|Any CPU.ActiveCfg = Debug|Any CPU
		{6D3C08B4-CEC1-4D09-8254-3BD6345CAB76}.Debug|Any CPU.Build.0 = Debug|Any CPU
		{6D3C08B4-CEC1-4D09-8254-3BD6345CAB76}.Release|Any CPU.ActiveCfg = Release|Any CPU
		{6D3C08B4-CEC1-4D09-8254-3BD6345CAB76}.Release|Any CPU.Build.0 = Release|Any CPU
	EndGlobalSection
	GlobalSection(SolutionProperties) = preSolution
		HideSolutionNode = FALSE
	EndGlobalSection
	GlobalSection(ExtensibilityGlobals) = postSolution
		SolutionGuid = {11F003A0-7073-4AB8-AC85-3D4EDE12123B}
	EndGlobalSection
EndGlobal
